Microsoft Visual Studio Solution File, Format Version 11.00
# Visual Studio 2008

Project("{DE7E4CE9-E674-CD2B-5755-5A45E7EFE251}") = "Camera Prototype", "Assembly-CSharp-firstpass-vs.csproj", "{BA51D075-41DC-8E32-9C12-9D1F7E39FECD}"
EndProject
Project("{DE7E4CE9-E674-CD2B-5755-5A45E7EFE251}") = "Camera Prototype", "Assembly-CSharp-vs.csproj", "{57FF569D-EBFB-893C-B4AB-CF7DAE6EAC22}"
EndProject
Global
	GlobalSection(SolutionConfigurationPlatforms) = preSolution
		Debug|Any CPU = Debug|Any CPU
		Release|Any CPU = Release|Any CPU
	EndGlobalSection
	GlobalSection(ProjectConfigurationPlatforms) = postSolution
		{BA51D075-41DC-8E32-9C12-9D1F7E39FECD}.Debug|Any CPU.ActiveCfg = Debug|Any CPU
		{BA51D075-41DC-8E32-9C12-9D1F7E39FECD}.Debug|Any CPU.Build.0 = Debug|Any CPU
		{BA51D075-41DC-8E32-9C12-9D1F7E39FECD}.Release|Any CPU.ActiveCfg = Release|Any CPU
		{BA51D075-41DC-8E32-9C12-9D1F7E39FECD}.Release|Any CPU.Build.0 = Release|Any CPU
		{57FF569D-EBFB-893C-B4AB-CF7DAE6EAC22}.Debug|Any CPU.ActiveCfg = Debug|Any CPU
		{57FF569D-EBFB-893C-B4AB-CF7DAE6EAC22}.Debug|Any CPU.Build.0 = Debug|Any CPU
		{57FF569D-EBFB-893C-B4AB-CF7DAE6EAC22}.Release|Any CPU.ActiveCfg = Release|Any CPU
		{57FF569D-EBFB-893C-B4AB-CF7DAE6EAC22}.Release|Any CPU.Build.0 = Release|Any CPU
	EndGlobalSection
	GlobalSection(SolutionProperties) = preSolution
		HideSolutionNode = FALSE
	EndGlobalSection
																														GlobalSection(MonoDevelopProperties) = preSolution
		StartupItem = Assembly-CSharp.csproj
		Policies = $0
		$0.TextStylePolicy = $1
		$1.inheritsSet = null
		$1.scope = text/x-csharp
		$0.CSharpFormattingPolicy = $2
		$2.inheritsSet = Mono
		$2.inheritsScope = text/x-csharp
		$2.scope = text/x-csharp
		$0.TextStylePolicy = $3
		$3.FileWidth = 120
		$3.TabWidth = 4
		$3.EolMarker = Unix
		$3.inheritsSet = Mono
		$3.inheritsScope = text/plain
		$3.scope = text/plain
	EndGlobalSection

EndGlobal
